
Microsoft Visual Studio Solution File, Format Version 12.00
# Visual Studio 2010
Project("{2150E333-8FDC-42A3-9474-1A3956D46DE8}") = "1_Laboras", "1_Laboras", "{3FA41C12-44B2-4B45-A0C4-D6DB6E5B6C04}"
EndProject
Project("{2150E333-8FDC-42A3-9474-1A3956D46DE8}") = "Socket", "Socket", "{E4D8C3D1-FE1A-4A77-B45D-63BB28983A1D}"
EndProject
Project("{2150E333-8FDC-42A3-9474-1A3956D46DE8}") = "WebService", "WebService", "{62668087-B038-4B35-9232-DFC2C9D6D3E5}"
EndProject
Project("{2150E333-8FDC-42A3-9474-1A3956D46DE8}") = "2_Laboras", "2_Laboras", "{DD786E03-74A0-4CB3-966E-233ED660AF93}"
EndProject
Project("{FAE04EC0-301F-11D3-BF4B-00C04F79EFBC}") = "Klientas", "1_Laboras\Klientas\Klientas.csproj", "{28EEE23E-3CD0-4E85-BDA2-44A0AC680BFF}"
EndProject
Project("{FAE04EC0-301F-11D3-BF4B-00C04F79EFBC}") = "MultiServeris", "1_Laboras\MultiServeris\MultiServeris.csproj", "{29984137-CB43-41E3-BD38-D0713E2B802E}"
EndProject
Project("{FAE04EC0-301F-11D3-BF4B-00C04F79EFBC}") = "Utility", "1_Laboras\Utility\Utility.csproj", "{673F8CE0-29AE-49E8-946E-DC6E3509ABF2}"
EndProject
Project("{FAE04EC0-301F-11D3-BF4B-00C04F79EFBC}") = "ErikoWebServisas", "1_Laboras\ErikoWebServisas\ErikoWebServisas.csproj", "{47E82C5E-BA95-4B42-9666-09C2E19AF0E3}"
EndProject
Project("{FAE04EC0-301F-11D3-BF4B-00C04F79EFBC}") = "WebServisoClientas", "1_Laboras\WebServisoClientas\WebServisoClientas.csproj", "{E9F9437E-FE1F-4DF1-BD5C-3837B84B7F9A}"
	ProjectSection(ProjectDependencies) = postProject
		{47E82C5E-BA95-4B42-9666-09C2E19AF0E3} = {47E82C5E-BA95-4B42-9666-09C2E19AF0E3}
	EndProjectSection
EndProject
Project("{FAE04EC0-301F-11D3-BF4B-00C04F79EFBC}") = "XmlParser", "2_Laboras\XmlParser\XmlParser.csproj", "{0385E6D3-1197-49C0-B999-981A3C5BA48F}"
EndProject
Project("{2150E333-8FDC-42A3-9474-1A3956D46DE8}") = "3_Laboras", "3_Laboras", "{044CBC9F-ABF0-4DBE-A807-8CCC9741218B}"
EndProject
Project("{FAE04EC0-301F-11D3-BF4B-00C04F79EFBC}") = "Client", "3_Laboras\Pirmas\Client\Client.csproj", "{10616981-39CF-41E3-BBCC-80EFC5B8EA1E}"
EndProject
Project("{FAE04EC0-301F-11D3-BF4B-00C04F79EFBC}") = "SecureServiceLibrary", "3_Laboras\Pirmas\SecureServiceLibrary\SecureServiceLibrary.csproj", "{D43CF9EE-6454-4820-AF75-1DB08400C7E5}"
EndProject
Project("{FAE04EC0-301F-11D3-BF4B-00C04F79EFBC}") = "ConsoleHost", "3_Laboras\Pirmas\ServiceHost\ConsoleHost.csproj", "{452C4888-98BF-416C-8D52-169CB7CC130B}"
EndProject
Project("{2150E333-8FDC-42A3-9474-1A3956D46DE8}") = "pirmas", "pirmas", "{A91126D6-1411-4215-AAE6-01F2DAB16E04}"
EndProject
Project("{2150E333-8FDC-42A3-9474-1A3956D46DE8}") = "antras", "antras", "{F0EF9FA1-4564-45C3-9741-9942B990D6F7}"
EndProject
Project("{FAE04EC0-301F-11D3-BF4B-00C04F79EFBC}") = "Client", "3_Laboras\Antras\Client\Client.csproj", "{C86C1C8C-8126-4EE5-95C1-45C13FFAF3A2}"
EndProject
Project("{FAE04EC0-301F-11D3-BF4B-00C04F79EFBC}") = "SecureServiceLibrary", "3_Laboras\Antras\SecureServiceLibrary\SecureServiceLibrary.csproj", "{1E313F69-3C88-4F8C-A393-0F6DC75BF30B}"
EndProject
Project("{FAE04EC0-301F-11D3-BF4B-00C04F79EFBC}") = "ConsoleHost", "3_Laboras\Antras\ServiceHost\ConsoleHost.csproj", "{CF1C0FB3-52F9-4562-861F-C538F7314FF0}"
EndProject
Global
	GlobalSection(SolutionConfigurationPlatforms) = preSolution
		Debug|Any CPU = Debug|Any CPU
		Debug|Mixed Platforms = Debug|Mixed Platforms
		Debug|x86 = Debug|x86
		Release|Any CPU = Release|Any CPU
		Release|Mixed Platforms = Release|Mixed Platforms
		Release|x86 = Release|x86
	EndGlobalSection
	GlobalSection(ProjectConfigurationPlatforms) = postSolution
		{28EEE23E-3CD0-4E85-BDA2-44A0AC680BFF}.Debug|Any CPU.ActiveCfg = Debug|x86
		{28EEE23E-3CD0-4E85-BDA2-44A0AC680BFF}.Debug|Mixed Platforms.ActiveCfg = Debug|x86
		{28EEE23E-3CD0-4E85-BDA2-44A0AC680BFF}.Debug|Mixed Platforms.Build.0 = Debug|x86
		{28EEE23E-3CD0-4E85-BDA2-44A0AC680BFF}.Debug|x86.ActiveCfg = Debug|x86
		{28EEE23E-3CD0-4E85-BDA2-44A0AC680BFF}.Debug|x86.Build.0 = Debug|x86
		{28EEE23E-3CD0-4E85-BDA2-44A0AC680BFF}.Release|Any CPU.ActiveCfg = Release|x86
		{28EEE23E-3CD0-4E85-BDA2-44A0AC680BFF}.Release|Mixed Platforms.ActiveCfg = Release|x86
		{28EEE23E-3CD0-4E85-BDA2-44A0AC680BFF}.Release|Mixed Platforms.Build.0 = Release|x86
		{28EEE23E-3CD0-4E85-BDA2-44A0AC680BFF}.Release|x86.ActiveCfg = Release|x86
		{28EEE23E-3CD0-4E85-BDA2-44A0AC680BFF}.Release|x86.Build.0 = Release|x86
		{29984137-CB43-41E3-BD38-D0713E2B802E}.Debug|Any CPU.ActiveCfg = Debug|x86
		{29984137-CB43-41E3-BD38-D0713E2B802E}.Debug|Mixed Platforms.ActiveCfg = Debug|x86
		{29984137-CB43-41E3-BD38-D0713E2B802E}.Debug|Mixed Platforms.Build.0 = Debug|x86
		{29984137-CB43-41E3-BD38-D0713E2B802E}.Debug|x86.ActiveCfg = Debug|x86
		{29984137-CB43-41E3-BD38-D0713E2B802E}.Debug|x86.Build.0 = Debug|x86
		{29984137-CB43-41E3-BD38-D0713E2B802E}.Release|Any CPU.ActiveCfg = Release|x86
		{29984137-CB43-41E3-BD38-D0713E2B802E}.Release|Mixed Platforms.ActiveCfg = Release|x86
		{29984137-CB43-41E3-BD38-D0713E2B802E}.Release|Mixed Platforms.Build.0 = Release|x86
		{29984137-CB43-41E3-BD38-D0713E2B802E}.Release|x86.ActiveCfg = Release|x86
		{29984137-CB43-41E3-BD38-D0713E2B802E}.Release|x86.Build.0 = Release|x86
		{673F8CE0-29AE-49E8-946E-DC6E3509ABF2}.Debug|Any CPU.ActiveCfg = Debug|Any CPU
		{673F8CE0-29AE-49E8-946E-DC6E3509ABF2}.Debug|Any CPU.Build.0 = Debug|Any CPU
		{673F8CE0-29AE-49E8-946E-DC6E3509ABF2}.Debug|Mixed Platforms.ActiveCfg = Debug|Any CPU
		{673F8CE0-29AE-49E8-946E-DC6E3509ABF2}.Debug|Mixed Platforms.Build.0 = Debug|Any CPU
		{673F8CE0-29AE-49E8-946E-DC6E3509ABF2}.Debug|x86.ActiveCfg = Debug|Any CPU
		{673F8CE0-29AE-49E8-946E-DC6E3509ABF2}.Release|Any CPU.ActiveCfg = Release|Any CPU
		{673F8CE0-29AE-49E8-946E-DC6E3509ABF2}.Release|Any CPU.Build.0 = Release|Any CPU
		{673F8CE0-29AE-49E8-946E-DC6E3509ABF2}.Release|Mixed Platforms.ActiveCfg = Release|Any CPU
		{673F8CE0-29AE-49E8-946E-DC6E3509ABF2}.Release|Mixed Platforms.Build.0 = Release|Any CPU
		{673F8CE0-29AE-49E8-946E-DC6E3509ABF2}.Release|x86.ActiveCfg = Release|Any CPU
		{47E82C5E-BA95-4B42-9666-09C2E19AF0E3}.Debug|Any CPU.ActiveCfg = Debug|Any CPU
		{47E82C5E-BA95-4B42-9666-09C2E19AF0E3}.Debug|Any CPU.Build.0 = Debug|Any CPU
		{47E82C5E-BA95-4B42-9666-09C2E19AF0E3}.Debug|Mixed Platforms.ActiveCfg = Debug|Any CPU
		{47E82C5E-BA95-4B42-9666-09C2E19AF0E3}.Debug|Mixed Platforms.Build.0 = Debug|Any CPU
		{47E82C5E-BA95-4B42-9666-09C2E19AF0E3}.Debug|x86.ActiveCfg = Debug|Any CPU
		{47E82C5E-BA95-4B42-9666-09C2E19AF0E3}.Release|Any CPU.ActiveCfg = Release|Any CPU
		{47E82C5E-BA95-4B42-9666-09C2E19AF0E3}.Release|Any CPU.Build.0 = Release|Any CPU
		{47E82C5E-BA95-4B42-9666-09C2E19AF0E3}.Release|Mixed Platforms.ActiveCfg = Release|Any CPU
		{47E82C5E-BA95-4B42-9666-09C2E19AF0E3}.Release|Mixed Platforms.Build.0 = Release|Any CPU
		{47E82C5E-BA95-4B42-9666-09C2E19AF0E3}.Release|x86.ActiveCfg = Release|Any CPU
		{E9F9437E-FE1F-4DF1-BD5C-3837B84B7F9A}.Debug|Any CPU.ActiveCfg = Debug|x86
		{E9F9437E-FE1F-4DF1-BD5C-3837B84B7F9A}.Debug|Mixed Platforms.ActiveCfg = Debug|x86
		{E9F9437E-FE1F-4DF1-BD5C-3837B84B7F9A}.Debug|Mixed Platforms.Build.0 = Debug|x86
		{E9F9437E-FE1F-4DF1-BD5C-3837B84B7F9A}.Debug|x86.ActiveCfg = Debug|x86
		{E9F9437E-FE1F-4DF1-BD5C-3837B84B7F9A}.Debug|x86.Build.0 = Debug|x86
		{E9F9437E-FE1F-4DF1-BD5C-3837B84B7F9A}.Release|Any CPU.ActiveCfg = Release|x86
		{E9F9437E-FE1F-4DF1-BD5C-3837B84B7F9A}.Release|Mixed Platforms.ActiveCfg = Release|x86
		{E9F9437E-FE1F-4DF1-BD5C-3837B84B7F9A}.Release|Mixed Platforms.Build.0 = Release|x86
		{E9F9437E-FE1F-4DF1-BD5C-3837B84B7F9A}.Release|x86.ActiveCfg = Release|x86
		{E9F9437E-FE1F-4DF1-BD5C-3837B84B7F9A}.Release|x86.Build.0 = Release|x86
		{0385E6D3-1197-49C0-B999-981A3C5BA48F}.Debug|Any CPU.ActiveCfg = Debug|x86
		{0385E6D3-1197-49C0-B999-981A3C5BA48F}.Debug|Mixed Platforms.ActiveCfg = Debug|x86
		{0385E6D3-1197-49C0-B999-981A3C5BA48F}.Debug|Mixed Platforms.Build.0 = Debug|x86
		{0385E6D3-1197-49C0-B999-981A3C5BA48F}.Debug|x86.ActiveCfg = Debug|x86
		{0385E6D3-1197-49C0-B999-981A3C5BA48F}.Debug|x86.Build.0 = Debug|x86
		{0385E6D3-1197-49C0-B999-981A3C5BA48F}.Release|Any CPU.ActiveCfg = Release|x86
		{0385E6D3-1197-49C0-B999-981A3C5BA48F}.Release|Mixed Platforms.ActiveCfg = Release|x86
		{0385E6D3-1197-49C0-B999-981A3C5BA48F}.Release|Mixed Platforms.Build.0 = Release|x86
		{0385E6D3-1197-49C0-B999-981A3C5BA48F}.Release|x86.ActiveCfg = Release|x86
		{0385E6D3-1197-49C0-B999-981A3C5BA48F}.Release|x86.Build.0 = Release|x86
		{10616981-39CF-41E3-BBCC-80EFC5B8EA1E}.Debug|Any CPU.ActiveCfg = Debug|Any CPU
		{10616981-39CF-41E3-BBCC-80EFC5B8EA1E}.Debug|Any CPU.Build.0 = Debug|Any CPU
		{10616981-39CF-41E3-BBCC-80EFC5B8EA1E}.Debug|Mixed Platforms.ActiveCfg = Debug|Any CPU
		{10616981-39CF-41E3-BBCC-80EFC5B8EA1E}.Debug|Mixed Platforms.Build.0 = Debug|Any CPU
		{10616981-39CF-41E3-BBCC-80EFC5B8EA1E}.Debug|x86.ActiveCfg = Debug|Any CPU
		{10616981-39CF-41E3-BBCC-80EFC5B8EA1E}.Release|Any CPU.ActiveCfg = Release|Any CPU
		{10616981-39CF-41E3-BBCC-80EFC5B8EA1E}.Release|Any CPU.Build.0 = Release|Any CPU
		{10616981-39CF-41E3-BBCC-80EFC5B8EA1E}.Release|Mixed Platforms.ActiveCfg = Release|Any CPU
		{10616981-39CF-41E3-BBCC-80EFC5B8EA1E}.Release|Mixed Platforms.Build.0 = Release|Any CPU
		{10616981-39CF-41E3-BBCC-80EFC5B8EA1E}.Release|x86.ActiveCfg = Release|Any CPU
		{D43CF9EE-6454-4820-AF75-1DB08400C7E5}.Debug|Any CPU.ActiveCfg = Debug|Any CPU
		{D43CF9EE-6454-4820-AF75-1DB08400C7E5}.Debug|Any CPU.Build.0 = Debug|Any CPU
		{D43CF9EE-6454-4820-AF75-1DB08400C7E5}.Debug|Mixed Platforms.ActiveCfg = Debug|Any CPU
		{D43CF9EE-6454-4820-AF75-1DB08400C7E5}.Debug|Mixed Platforms.Build.0 = Debug|Any CPU
		{D43CF9EE-6454-4820-AF75-1DB08400C7E5}.Debug|x86.ActiveCfg = Debug|Any CPU
		{D43CF9EE-6454-4820-AF75-1DB08400C7E5}.Release|Any CPU.ActiveCfg = Release|Any CPU
		{D43CF9EE-6454-4820-AF75-1DB08400C7E5}.Release|Any CPU.Build.0 = Release|Any CPU
		{D43CF9EE-6454-4820-AF75-1DB08400C7E5}.Release|Mixed Platforms.ActiveCfg = Release|Any CPU
		{D43CF9EE-6454-4820-AF75-1DB08400C7E5}.Release|Mixed Platforms.Build.0 = Release|Any CPU
		{D43CF9EE-6454-4820-AF75-1DB08400C7E5}.Release|x86.ActiveCfg = Release|Any CPU
		{452C4888-98BF-416C-8D52-169CB7CC130B}.Debug|Any CPU.ActiveCfg = Debug|Any CPU
		{452C4888-98BF-416C-8D52-169CB7CC130B}.Debug|Any CPU.Build.0 = Debug|Any CPU
		{452C4888-98BF-416C-8D52-169CB7CC130B}.Debug|Mixed Platforms.ActiveCfg = Debug|Any CPU
		{452C4888-98BF-416C-8D52-169CB7CC130B}.Debug|Mixed Platforms.Build.0 = Debug|Any CPU
		{452C4888-98BF-416C-8D52-169CB7CC130B}.Debug|x86.ActiveCfg = Debug|Any CPU
		{452C4888-98BF-416C-8D52-169CB7CC130B}.Release|Any CPU.ActiveCfg = Release|Any CPU
		{452C4888-98BF-416C-8D52-169CB7CC130B}.Release|Any CPU.Build.0 = Release|Any CPU
		{452C4888-98BF-416C-8D52-169CB7CC130B}.Release|Mixed Platforms.ActiveCfg = Release|Any CPU
		{452C4888-98BF-416C-8D52-169CB7CC130B}.Release|Mixed Platforms.Build.0 = Release|Any CPU
		{452C4888-98BF-416C-8D52-169CB7CC130B}.Release|x86.ActiveCfg = Release|Any CPU
		{C86C1C8C-8126-4EE5-95C1-45C13FFAF3A2}.Debug|Any CPU.ActiveCfg = Debug|Any CPU
		{C86C1C8C-8126-4EE5-95C1-45C13FFAF3A2}.Debug|Any CPU.Build.0 = Debug|Any CPU
		{C86C1C8C-8126-4EE5-95C1-45C13FFAF3A2}.Debug|Mixed Platforms.ActiveCfg = Debug|Any CPU
		{C86C1C8C-8126-4EE5-95C1-45C13FFAF3A2}.Debug|Mixed Platforms.Build.0 = Debug|Any CPU
		{C86C1C8C-8126-4EE5-95C1-45C13FFAF3A2}.Debug|x86.ActiveCfg = Debug|Any CPU
		{C86C1C8C-8126-4EE5-95C1-45C13FFAF3A2}.Release|Any CPU.ActiveCfg = Release|Any CPU
		{C86C1C8C-8126-4EE5-95C1-45C13FFAF3A2}.Release|Any CPU.Build.0 = Release|Any CPU
		{C86C1C8C-8126-4EE5-95C1-45C13FFAF3A2}.Release|Mixed Platforms.ActiveCfg = Release|Any CPU
		{C86C1C8C-8126-4EE5-95C1-45C13FFAF3A2}.Release|Mixed Platforms.Build.0 = Release|Any CPU
		{C86C1C8C-8126-4EE5-95C1-45C13FFAF3A2}.Release|x86.ActiveCfg = Release|Any CPU
		{1E313F69-3C88-4F8C-A393-0F6DC75BF30B}.Debug|Any CPU.ActiveCfg = Debug|Any CPU
		{1E313F69-3C88-4F8C-A393-0F6DC75BF30B}.Debug|Any CPU.Build.0 = Debug|Any CPU
		{1E313F69-3C88-4F8C-A393-0F6DC75BF30B}.Debug|Mixed Platforms.ActiveCfg = Debug|Any CPU
		{1E313F69-3C88-4F8C-A393-0F6DC75BF30B}.Debug|Mixed Platforms.Build.0 = Debug|Any CPU
		{1E313F69-3C88-4F8C-A393-0F6DC75BF30B}.Debug|x86.ActiveCfg = Debug|Any CPU
		{1E313F69-3C88-4F8C-A393-0F6DC75BF30B}.Release|Any CPU.ActiveCfg = Release|Any CPU
		{1E313F69-3C88-4F8C-A393-0F6DC75BF30B}.Release|Any CPU.Build.0 = Release|Any CPU
		{1E313F69-3C88-4F8C-A393-0F6DC75BF30B}.Release|Mixed Platforms.ActiveCfg = Release|Any CPU
		{1E313F69-3C88-4F8C-A393-0F6DC75BF30B}.Release|Mixed Platforms.Build.0 = Release|Any CPU
		{1E313F69-3C88-4F8C-A393-0F6DC75BF30B}.Release|x86.ActiveCfg = Release|Any CPU
		{CF1C0FB3-52F9-4562-861F-C538F7314FF0}.Debug|Any CPU.ActiveCfg = Debug|Any CPU
		{CF1C0FB3-52F9-4562-861F-C538F7314FF0}.Debug|Any CPU.Build.0 = Debug|Any CPU
		{CF1C0FB3-52F9-4562-861F-C538F7314FF0}.Debug|Mixed Platforms.ActiveCfg = Debug|Any CPU
		{CF1C0FB3-52F9-4562-861F-C538F7314FF0}.Debug|Mixed Platforms.Build.0 = Debug|Any CPU
		{CF1C0FB3-52F9-4562-861F-C538F7314FF0}.Debug|x86.ActiveCfg = Debug|Any CPU
		{CF1C0FB3-52F9-4562-861F-C538F7314FF0}.Release|Any CPU.ActiveCfg = Release|Any CPU
		{CF1C0FB3-52F9-4562-861F-C538F7314FF0}.Release|Any CPU.Build.0 = Release|Any CPU
		{CF1C0FB3-52F9-4562-861F-C538F7314FF0}.Release|Mixed Platforms.ActiveCfg = Release|Any CPU
		{CF1C0FB3-52F9-4562-861F-C538F7314FF0}.Release|Mixed Platforms.Build.0 = Release|Any CPU
		{CF1C0FB3-52F9-4562-861F-C538F7314FF0}.Release|x86.ActiveCfg = Release|Any CPU
	EndGlobalSection
	GlobalSection(SolutionProperties) = preSolution
		HideSolutionNode = FALSE
	EndGlobalSection
	GlobalSection(NestedProjects) = preSolution
		{E4D8C3D1-FE1A-4A77-B45D-63BB28983A1D} = {3FA41C12-44B2-4B45-A0C4-D6DB6E5B6C04}
		{62668087-B038-4B35-9232-DFC2C9D6D3E5} = {3FA41C12-44B2-4B45-A0C4-D6DB6E5B6C04}
		{28EEE23E-3CD0-4E85-BDA2-44A0AC680BFF} = {E4D8C3D1-FE1A-4A77-B45D-63BB28983A1D}
		{29984137-CB43-41E3-BD38-D0713E2B802E} = {E4D8C3D1-FE1A-4A77-B45D-63BB28983A1D}
		{673F8CE0-29AE-49E8-946E-DC6E3509ABF2} = {E4D8C3D1-FE1A-4A77-B45D-63BB28983A1D}
		{47E82C5E-BA95-4B42-9666-09C2E19AF0E3} = {62668087-B038-4B35-9232-DFC2C9D6D3E5}
		{E9F9437E-FE1F-4DF1-BD5C-3837B84B7F9A} = {62668087-B038-4B35-9232-DFC2C9D6D3E5}
		{0385E6D3-1197-49C0-B999-981A3C5BA48F} = {DD786E03-74A0-4CB3-966E-233ED660AF93}
		{A91126D6-1411-4215-AAE6-01F2DAB16E04} = {044CBC9F-ABF0-4DBE-A807-8CCC9741218B}
		{F0EF9FA1-4564-45C3-9741-9942B990D6F7} = {044CBC9F-ABF0-4DBE-A807-8CCC9741218B}
		{10616981-39CF-41E3-BBCC-80EFC5B8EA1E} = {A91126D6-1411-4215-AAE6-01F2DAB16E04}
		{452C4888-98BF-416C-8D52-169CB7CC130B} = {A91126D6-1411-4215-AAE6-01F2DAB16E04}
		{D43CF9EE-6454-4820-AF75-1DB08400C7E5} = {A91126D6-1411-4215-AAE6-01F2DAB16E04}
		{C86C1C8C-8126-4EE5-95C1-45C13FFAF3A2} = {F0EF9FA1-4564-45C3-9741-9942B990D6F7}
		{1E313F69-3C88-4F8C-A393-0F6DC75BF30B} = {F0EF9FA1-4564-45C3-9741-9942B990D6F7}
		{CF1C0FB3-52F9-4562-861F-C538F7314FF0} = {F0EF9FA1-4564-45C3-9741-9942B990D6F7}
	EndGlobalSection
EndGlobal
