
Microsoft Visual Studio Solution File, Format Version 11.00
# Visual Studio 2010
Project("{FAE04EC0-301F-11D3-BF4B-00C04F79EFBC}") = "Klientas", "1_Laboras\Klientas\Klientas.csproj", "{28EEE23E-3CD0-4E85-BDA2-44A0AC680BFF}"
EndProject
Project("{FAE04EC0-301F-11D3-BF4B-00C04F79EFBC}") = "MultiServeris", "1_Laboras\MultiServeris\MultiServeris.csproj", "{29984137-CB43-41E3-BD38-D0713E2B802E}"
EndProject
Project("{FAE04EC0-301F-11D3-BF4B-00C04F79EFBC}") = "Serveris", "1_Laboras\Serveris\Serveris.csproj", "{66B9FC67-B65C-4BBD-8F4A-72BC3F15B074}"
EndProject
Project("{2150E333-8FDC-42A3-9474-1A3956D46DE8}") = "1_Laboras", "1_Laboras", "{3FA41C12-44B2-4B45-A0C4-D6DB6E5B6C04}"
EndProject
Project("{FAE04EC0-301F-11D3-BF4B-00C04F79EFBC}") = "Utility", "1_Laboras\Utility\Utility.csproj", "{673F8CE0-29AE-49E8-946E-DC6E3509ABF2}"
EndProject
Project("{2150E333-8FDC-42A3-9474-1A3956D46DE8}") = "Socket", "Socket", "{E4D8C3D1-FE1A-4A77-B45D-63BB28983A1D}"
EndProject
Project("{2150E333-8FDC-42A3-9474-1A3956D46DE8}") = "WebService", "WebService", "{62668087-B038-4B35-9232-DFC2C9D6D3E5}"
EndProject
Project("{FAE04EC0-301F-11D3-BF4B-00C04F79EFBC}") = "ErikoWebServisas", "1_Laboras\ErikoWebServisas\ErikoWebServisas.csproj", "{47E82C5E-BA95-4B42-9666-09C2E19AF0E3}"
EndProject
Project("{FAE04EC0-301F-11D3-BF4B-00C04F79EFBC}") = "WebServisoClientas", "WebServisoClientas\WebServisoClientas.csproj", "{E9F9437E-FE1F-4DF1-BD5C-3837B84B7F9A}"
EndProject
Global
	GlobalSection(SolutionConfigurationPlatforms) = preSolution
		Debug|Any CPU = Debug|Any CPU
		Debug|Mixed Platforms = Debug|Mixed Platforms
		Debug|x86 = Debug|x86
		Release|Any CPU = Release|Any CPU
		Release|Mixed Platforms = Release|Mixed Platforms
		Release|x86 = Release|x86
	EndGlobalSection
	GlobalSection(ProjectConfigurationPlatforms) = postSolution
		{28EEE23E-3CD0-4E85-BDA2-44A0AC680BFF}.Debug|Any CPU.ActiveCfg = Debug|x86
		{28EEE23E-3CD0-4E85-BDA2-44A0AC680BFF}.Debug|Mixed Platforms.ActiveCfg = Debug|x86
		{28EEE23E-3CD0-4E85-BDA2-44A0AC680BFF}.Debug|Mixed Platforms.Build.0 = Debug|x86
		{28EEE23E-3CD0-4E85-BDA2-44A0AC680BFF}.Debug|x86.ActiveCfg = Debug|x86
		{28EEE23E-3CD0-4E85-BDA2-44A0AC680BFF}.Debug|x86.Build.0 = Debug|x86
		{28EEE23E-3CD0-4E85-BDA2-44A0AC680BFF}.Release|Any CPU.ActiveCfg = Release|x86
		{28EEE23E-3CD0-4E85-BDA2-44A0AC680BFF}.Release|Mixed Platforms.ActiveCfg = Release|x86
		{28EEE23E-3CD0-4E85-BDA2-44A0AC680BFF}.Release|Mixed Platforms.Build.0 = Release|x86
		{28EEE23E-3CD0-4E85-BDA2-44A0AC680BFF}.Release|x86.ActiveCfg = Release|x86
		{28EEE23E-3CD0-4E85-BDA2-44A0AC680BFF}.Release|x86.Build.0 = Release|x86
		{29984137-CB43-41E3-BD38-D0713E2B802E}.Debug|Any CPU.ActiveCfg = Debug|x86
		{29984137-CB43-41E3-BD38-D0713E2B802E}.Debug|Mixed Platforms.ActiveCfg = Debug|x86
		{29984137-CB43-41E3-BD38-D0713E2B802E}.Debug|Mixed Platforms.Build.0 = Debug|x86
		{29984137-CB43-41E3-BD38-D0713E2B802E}.Debug|x86.ActiveCfg = Debug|x86
		{29984137-CB43-41E3-BD38-D0713E2B802E}.Debug|x86.Build.0 = Debug|x86
		{29984137-CB43-41E3-BD38-D0713E2B802E}.Release|Any CPU.ActiveCfg = Release|x86
		{29984137-CB43-41E3-BD38-D0713E2B802E}.Release|Mixed Platforms.ActiveCfg = Release|x86
		{29984137-CB43-41E3-BD38-D0713E2B802E}.Release|Mixed Platforms.Build.0 = Release|x86
		{29984137-CB43-41E3-BD38-D0713E2B802E}.Release|x86.ActiveCfg = Release|x86
		{29984137-CB43-41E3-BD38-D0713E2B802E}.Release|x86.Build.0 = Release|x86
		{66B9FC67-B65C-4BBD-8F4A-72BC3F15B074}.Debug|Any CPU.ActiveCfg = Debug|x86
		{66B9FC67-B65C-4BBD-8F4A-72BC3F15B074}.Debug|Mixed Platforms.ActiveCfg = Debug|x86
		{66B9FC67-B65C-4BBD-8F4A-72BC3F15B074}.Debug|Mixed Platforms.Build.0 = Debug|x86
		{66B9FC67-B65C-4BBD-8F4A-72BC3F15B074}.Debug|x86.ActiveCfg = Debug|x86
		{66B9FC67-B65C-4BBD-8F4A-72BC3F15B074}.Debug|x86.Build.0 = Debug|x86
		{66B9FC67-B65C-4BBD-8F4A-72BC3F15B074}.Release|Any CPU.ActiveCfg = Release|x86
		{66B9FC67-B65C-4BBD-8F4A-72BC3F15B074}.Release|Mixed Platforms.ActiveCfg = Release|x86
		{66B9FC67-B65C-4BBD-8F4A-72BC3F15B074}.Release|Mixed Platforms.Build.0 = Release|x86
		{66B9FC67-B65C-4BBD-8F4A-72BC3F15B074}.Release|x86.ActiveCfg = Release|x86
		{66B9FC67-B65C-4BBD-8F4A-72BC3F15B074}.Release|x86.Build.0 = Release|x86
		{673F8CE0-29AE-49E8-946E-DC6E3509ABF2}.Debug|Any CPU.ActiveCfg = Debug|Any CPU
		{673F8CE0-29AE-49E8-946E-DC6E3509ABF2}.Debug|Any CPU.Build.0 = Debug|Any CPU
		{673F8CE0-29AE-49E8-946E-DC6E3509ABF2}.Debug|Mixed Platforms.ActiveCfg = Debug|Any CPU
		{673F8CE0-29AE-49E8-946E-DC6E3509ABF2}.Debug|Mixed Platforms.Build.0 = Debug|Any CPU
		{673F8CE0-29AE-49E8-946E-DC6E3509ABF2}.Debug|x86.ActiveCfg = Debug|Any CPU
		{673F8CE0-29AE-49E8-946E-DC6E3509ABF2}.Release|Any CPU.ActiveCfg = Release|Any CPU
		{673F8CE0-29AE-49E8-946E-DC6E3509ABF2}.Release|Any CPU.Build.0 = Release|Any CPU
		{673F8CE0-29AE-49E8-946E-DC6E3509ABF2}.Release|Mixed Platforms.ActiveCfg = Release|Any CPU
		{673F8CE0-29AE-49E8-946E-DC6E3509ABF2}.Release|Mixed Platforms.Build.0 = Release|Any CPU
		{673F8CE0-29AE-49E8-946E-DC6E3509ABF2}.Release|x86.ActiveCfg = Release|Any CPU
		{47E82C5E-BA95-4B42-9666-09C2E19AF0E3}.Debug|Any CPU.ActiveCfg = Debug|Any CPU
		{47E82C5E-BA95-4B42-9666-09C2E19AF0E3}.Debug|Any CPU.Build.0 = Debug|Any CPU
		{47E82C5E-BA95-4B42-9666-09C2E19AF0E3}.Debug|Mixed Platforms.ActiveCfg = Debug|Any CPU
		{47E82C5E-BA95-4B42-9666-09C2E19AF0E3}.Debug|Mixed Platforms.Build.0 = Debug|Any CPU
		{47E82C5E-BA95-4B42-9666-09C2E19AF0E3}.Debug|x86.ActiveCfg = Debug|Any CPU
		{47E82C5E-BA95-4B42-9666-09C2E19AF0E3}.Release|Any CPU.ActiveCfg = Release|Any CPU
		{47E82C5E-BA95-4B42-9666-09C2E19AF0E3}.Release|Any CPU.Build.0 = Release|Any CPU
		{47E82C5E-BA95-4B42-9666-09C2E19AF0E3}.Release|Mixed Platforms.ActiveCfg = Release|Any CPU
		{47E82C5E-BA95-4B42-9666-09C2E19AF0E3}.Release|Mixed Platforms.Build.0 = Release|Any CPU
		{47E82C5E-BA95-4B42-9666-09C2E19AF0E3}.Release|x86.ActiveCfg = Release|Any CPU
		{E9F9437E-FE1F-4DF1-BD5C-3837B84B7F9A}.Debug|Any CPU.ActiveCfg = Debug|x86
		{E9F9437E-FE1F-4DF1-BD5C-3837B84B7F9A}.Debug|Mixed Platforms.ActiveCfg = Debug|x86
		{E9F9437E-FE1F-4DF1-BD5C-3837B84B7F9A}.Debug|Mixed Platforms.Build.0 = Debug|x86
		{E9F9437E-FE1F-4DF1-BD5C-3837B84B7F9A}.Debug|x86.ActiveCfg = Debug|x86
		{E9F9437E-FE1F-4DF1-BD5C-3837B84B7F9A}.Debug|x86.Build.0 = Debug|x86
		{E9F9437E-FE1F-4DF1-BD5C-3837B84B7F9A}.Release|Any CPU.ActiveCfg = Release|x86
		{E9F9437E-FE1F-4DF1-BD5C-3837B84B7F9A}.Release|Mixed Platforms.ActiveCfg = Release|x86
		{E9F9437E-FE1F-4DF1-BD5C-3837B84B7F9A}.Release|Mixed Platforms.Build.0 = Release|x86
		{E9F9437E-FE1F-4DF1-BD5C-3837B84B7F9A}.Release|x86.ActiveCfg = Release|x86
		{E9F9437E-FE1F-4DF1-BD5C-3837B84B7F9A}.Release|x86.Build.0 = Release|x86
	EndGlobalSection
	GlobalSection(SolutionProperties) = preSolution
		HideSolutionNode = FALSE
	EndGlobalSection
	GlobalSection(NestedProjects) = preSolution
		{E4D8C3D1-FE1A-4A77-B45D-63BB28983A1D} = {3FA41C12-44B2-4B45-A0C4-D6DB6E5B6C04}
		{62668087-B038-4B35-9232-DFC2C9D6D3E5} = {3FA41C12-44B2-4B45-A0C4-D6DB6E5B6C04}
		{66B9FC67-B65C-4BBD-8F4A-72BC3F15B074} = {E4D8C3D1-FE1A-4A77-B45D-63BB28983A1D}
		{28EEE23E-3CD0-4E85-BDA2-44A0AC680BFF} = {E4D8C3D1-FE1A-4A77-B45D-63BB28983A1D}
		{673F8CE0-29AE-49E8-946E-DC6E3509ABF2} = {E4D8C3D1-FE1A-4A77-B45D-63BB28983A1D}
		{29984137-CB43-41E3-BD38-D0713E2B802E} = {E4D8C3D1-FE1A-4A77-B45D-63BB28983A1D}
		{47E82C5E-BA95-4B42-9666-09C2E19AF0E3} = {62668087-B038-4B35-9232-DFC2C9D6D3E5}
		{E9F9437E-FE1F-4DF1-BD5C-3837B84B7F9A} = {62668087-B038-4B35-9232-DFC2C9D6D3E5}
	EndGlobalSection
EndGlobal
